
Microsoft Visual Studio Solution File, Format Version 12.00
# Visual Studio 15
VisualStudioVersion = 15.0.27004.2008
MinimumVisualStudioVersion = 10.0.40219.1
Project("{FAE04EC0-301F-11D3-BF4B-00C04F79EFBC}") = "Films", "Films\Films.csproj", "{9A0C859F-1982-487B-B382-D6C2F55CB011}"
EndProject
Project("{FAE04EC0-301F-11D3-BF4B-00C04F79EFBC}") = "UnitTestFilm", "UnitTestFilm\UnitTestFilm.csproj", "{9B2F93D7-09DE-4571-B90F-51CA648DE144}"
EndProject
Global
	GlobalSection(SolutionConfigurationPlatforms) = preSolution
		Debug|Any CPU = Debug|Any CPU
		Release|Any CPU = Release|Any CPU
	EndGlobalSection
	GlobalSection(ProjectConfigurationPlatforms) = postSolution
		{9A0C859F-1982-487B-B382-D6C2F55CB011}.Debug|Any CPU.ActiveCfg = Debug|Any CPU
		{9A0C859F-1982-487B-B382-D6C2F55CB011}.Debug|Any CPU.Build.0 = Debug|Any CPU
		{9A0C859F-1982-487B-B382-D6C2F55CB011}.Release|Any CPU.ActiveCfg = Release|Any CPU
		{9A0C859F-1982-487B-B382-D6C2F55CB011}.Release|Any CPU.Build.0 = Release|Any CPU
		{9B2F93D7-09DE-4571-B90F-51CA648DE144}.Debug|Any CPU.ActiveCfg = Debug|Any CPU
		{9B2F93D7-09DE-4571-B90F-51CA648DE144}.Debug|Any CPU.Build.0 = Debug|Any CPU
		{9B2F93D7-09DE-4571-B90F-51CA648DE144}.Release|Any CPU.ActiveCfg = Release|Any CPU
		{9B2F93D7-09DE-4571-B90F-51CA648DE144}.Release|Any CPU.Build.0 = Release|Any CPU
	EndGlobalSection
	GlobalSection(SolutionProperties) = preSolution
		HideSolutionNode = FALSE
	EndGlobalSection
	GlobalSection(ExtensibilityGlobals) = postSolution
		SolutionGuid = {928139EB-89A2-48C4-A496-2537AC122039}
	EndGlobalSection
EndGlobal
