
Microsoft Visual Studio Solution File, Format Version 12.00
# Visual Studio 15
VisualStudioVersion = 15.0.27004.2009
MinimumVisualStudioVersion = 10.0.40219.1
Project("{FAE04EC0-301F-11D3-BF4B-00C04F79EFBC}") = "BioscoopAdministration", "BioscoopAdministration\BioscoopAdministration.csproj", "{6F9A56B5-4D29-43B3-904C-E7B06551EA8D}"
EndProject
Global
	GlobalSection(SolutionConfigurationPlatforms) = preSolution
		Debug|Any CPU = Debug|Any CPU
		Release|Any CPU = Release|Any CPU
	EndGlobalSection
	GlobalSection(ProjectConfigurationPlatforms) = postSolution
		{6F9A56B5-4D29-43B3-904C-E7B06551EA8D}.Debug|Any CPU.ActiveCfg = Debug|Any CPU
		{6F9A56B5-4D29-43B3-904C-E7B06551EA8D}.Debug|Any CPU.Build.0 = Debug|Any CPU
		{6F9A56B5-4D29-43B3-904C-E7B06551EA8D}.Release|Any CPU.ActiveCfg = Release|Any CPU
		{6F9A56B5-4D29-43B3-904C-E7B06551EA8D}.Release|Any CPU.Build.0 = Release|Any CPU
	EndGlobalSection
	GlobalSection(SolutionProperties) = preSolution
		HideSolutionNode = FALSE
	EndGlobalSection
	GlobalSection(ExtensibilityGlobals) = postSolution
		SolutionGuid = {B31A41D1-843D-44C0-A5B9-EB126957C424}
	EndGlobalSection
EndGlobal
